{
	"name": "utils-array",
	"version": "1.0.0",
	"lockfileVersion": 1,
	"requires": true,
	"dependencies": {
		"typescript": {
			"version": "3.7.4",
			"resolved": "https://registry.npmjs.org/typescript/-/typescript-3.7.4.tgz",
			"integrity": "sha512-A25xv5XCtarLwXpcDNZzCGvW2D1S3/bACratYBx2sax8PefsFhlYmkQicKHvpYflFS8if4zne5zT5kpJ7pzuvw==",
			"dev": true
		},
		"use-window-width": {
			"version": "1.0.4",
			"resolved": "https://registry.npmjs.org/use-window-width/-/use-window-width-1.0.4.tgz",
			"integrity": "sha512-wmt4+uL7t5C+f3myfRcY27Fq8w1vDKfo3QRUP8S+chvPk52PNiwgeQAElBNv/Q2/1FQurS01Ncuxi8AoNgb1nA=="
		}
	}
}
