{
	"name": "@wbe/react-responsive-image",
	"version": "1.4.0",
	"lockfileVersion": 1,
	"requires": true,
	"dependencies": {
		"@researchgate/react-intersection-observer": {
			"version": "1.3.4",
			"resolved": "https://registry.npmjs.org/@researchgate/react-intersection-observer/-/react-intersection-observer-1.3.4.tgz",
			"integrity": "sha512-gTnkUZXWe+g7oqUvL5PFMoAZEzlsFRG2w8UJVr+QsGs/ylMa9mOca2/QbWEPyz5YxRIPz63Wq9YK2WpgmFjAxw=="
		},
		"@wbe/fake-data-utils": {
			"version": "1.4.0",
			"resolved": "https://registry.npmjs.org/@wbe/fake-data-utils/-/fake-data-utils-1.4.0.tgz",
			"integrity": "sha512-c/PseateTl5NJVRUd/K9Q2N39rM+afMKL+k7rNhDd7hvvZVXD33HoOeTmEYuYD1zj/1j2u5hBZV1PSvZJdbYgw==",
			"dev": true
		},
		"@wbe/use-bounding-client-rect": {
			"version": "1.4.0",
			"resolved": "https://registry.npmjs.org/@wbe/use-bounding-client-rect/-/use-bounding-client-rect-1.4.0.tgz",
			"integrity": "sha512-LPruBnDVmw2HKWuD8FsDxjWem/8u+Row9A5rdxuoxXq9G70xL6gTP5krnv1gsMf4WfhZbzkSuU+nNZhlNMgDsA==",
			"requires": {
				"react": "^16.13.1"
			}
		},
		"@wbe/use-responsive-image-data": {
			"version": "1.4.0",
			"resolved": "https://registry.npmjs.org/@wbe/use-responsive-image-data/-/use-responsive-image-data-1.4.0.tgz",
			"integrity": "sha512-RbA0nIMmvAKuXqmA1EyFwIn3TOtUYQfYwoUPbF0CskVH4CAMkX1vXJ/L6i6r7Exy/ye69VrJORhz0qjbBouKRQ==",
			"requires": {
				"react": "^16.13.1"
			}
		},
		"intersection-observer": {
			"version": "0.11.0",
			"resolved": "https://registry.npmjs.org/intersection-observer/-/intersection-observer-0.11.0.tgz",
			"integrity": "sha512-KZArj2QVnmdud9zTpKf279m2bbGfG+4/kn16UU0NL3pTVl52ZHiJ9IRNSsnn6jaHrL9EGLFM5eWjTx2fz/+zoQ=="
		},
		"js-tokens": {
			"version": "4.0.0",
			"resolved": "https://registry.npmjs.org/js-tokens/-/js-tokens-4.0.0.tgz",
			"integrity": "sha512-RdJUflcE3cUzKiMqQgsCu06FPu9UdIJO0beYbPhHN4k6apgJtifcoCtT9bcxOpYBtpD2kCM6Sbzg4CausW/PKQ=="
		},
		"loose-envify": {
			"version": "1.4.0",
			"resolved": "https://registry.npmjs.org/loose-envify/-/loose-envify-1.4.0.tgz",
			"integrity": "sha512-lyuxPGr/Wfhrlem2CL/UcnUc1zcqKAImBDzukY7Y5F/yQiNdko6+fRLevlw1HgMySw7f611UIY408EtxRSoK3Q==",
			"requires": {
				"js-tokens": "^3.0.0 || ^4.0.0"
			}
		},
		"object-assign": {
			"version": "4.1.1",
			"resolved": "https://registry.npmjs.org/object-assign/-/object-assign-4.1.1.tgz",
			"integrity": "sha1-IQmtx5ZYh8/AXLvUQsrIv7s2CGM="
		},
		"prop-types": {
			"version": "15.7.2",
			"resolved": "https://registry.npmjs.org/prop-types/-/prop-types-15.7.2.tgz",
			"integrity": "sha512-8QQikdH7//R2vurIJSutZ1smHYTcLpRWEOlHnzcWHmBYrOGUysKwSsrC89BCiFj3CbrfJ/nXFdJepOVrY1GCHQ==",
			"requires": {
				"loose-envify": "^1.4.0",
				"object-assign": "^4.1.1",
				"react-is": "^16.8.1"
			}
		},
		"react": {
			"version": "16.13.1",
			"resolved": "https://registry.npmjs.org/react/-/react-16.13.1.tgz",
			"integrity": "sha512-YMZQQq32xHLX0bz5Mnibv1/LHb3Sqzngu7xstSM+vrkE5Kzr9xE0yMByK5kMoTK30YVJE61WfbxIFFvfeDKT1w==",
			"requires": {
				"loose-envify": "^1.1.0",
				"object-assign": "^4.1.1",
				"prop-types": "^15.6.2"
			}
		},
		"react-is": {
			"version": "16.13.1",
			"resolved": "https://registry.npmjs.org/react-is/-/react-is-16.13.1.tgz",
			"integrity": "sha512-24e6ynE2H+OKt4kqsOvNd8kBpV65zoxbA4BVsEOB3ARVWQki/DHzaUoC5KuON/BiccDaCCTZBuOcfZs70kR8bQ=="
		}
	}
}
